
Microsoft Visual Studio Solution File, Format Version 12.00
# Visual Studio 14
VisualStudioVersion = 14.0.25420.1
MinimumVisualStudioVersion = 10.0.40219.1
Project("{FAE04EC0-301F-11D3-BF4B-00C04F79EFBC}") = "WebApi", "WebApi\WebApi.csproj", "{91EBEAD1-F814-491B-AF96-F60AB61E927D}"
EndProject
Project("{FAE04EC0-301F-11D3-BF4B-00C04F79EFBC}") = "WebApi.Tests", "WebApi.Tests\WebApi.Tests.csproj", "{75896146-4EAC-4AA6-AC16-BE0A640C10EA}"
EndProject
Project("{FAE04EC0-301F-11D3-BF4B-00C04F79EFBC}") = "Model", "Model\Model.csproj", "{42C2C8AF-C8DE-48D3-B716-92A9149213D9}"
EndProject
Project("{FAE04EC0-301F-11D3-BF4B-00C04F79EFBC}") = "Datalayer", "Datalayer\Datalayer.csproj", "{E4D3C16A-3F0C-4295-99E9-0CA7974C88EC}"
EndProject
Global
	GlobalSection(SolutionConfigurationPlatforms) = preSolution
		Debug|Any CPU = Debug|Any CPU
		Release|Any CPU = Release|Any CPU
	EndGlobalSection
	GlobalSection(ProjectConfigurationPlatforms) = postSolution
		{91EBEAD1-F814-491B-AF96-F60AB61E927D}.Debug|Any CPU.ActiveCfg = Debug|Any CPU
		{91EBEAD1-F814-491B-AF96-F60AB61E927D}.Debug|Any CPU.Build.0 = Debug|Any CPU
		{91EBEAD1-F814-491B-AF96-F60AB61E927D}.Release|Any CPU.ActiveCfg = Release|Any CPU
		{91EBEAD1-F814-491B-AF96-F60AB61E927D}.Release|Any CPU.Build.0 = Release|Any CPU
		{75896146-4EAC-4AA6-AC16-BE0A640C10EA}.Debug|Any CPU.ActiveCfg = Debug|Any CPU
		{75896146-4EAC-4AA6-AC16-BE0A640C10EA}.Debug|Any CPU.Build.0 = Debug|Any CPU
		{75896146-4EAC-4AA6-AC16-BE0A640C10EA}.Release|Any CPU.ActiveCfg = Release|Any CPU
		{75896146-4EAC-4AA6-AC16-BE0A640C10EA}.Release|Any CPU.Build.0 = Release|Any CPU
		{42C2C8AF-C8DE-48D3-B716-92A9149213D9}.Debug|Any CPU.ActiveCfg = Debug|Any CPU
		{42C2C8AF-C8DE-48D3-B716-92A9149213D9}.Debug|Any CPU.Build.0 = Debug|Any CPU
		{42C2C8AF-C8DE-48D3-B716-92A9149213D9}.Release|Any CPU.ActiveCfg = Release|Any CPU
		{42C2C8AF-C8DE-48D3-B716-92A9149213D9}.Release|Any CPU.Build.0 = Release|Any CPU
		{E4D3C16A-3F0C-4295-99E9-0CA7974C88EC}.Debug|Any CPU.ActiveCfg = Debug|Any CPU
		{E4D3C16A-3F0C-4295-99E9-0CA7974C88EC}.Debug|Any CPU.Build.0 = Debug|Any CPU
		{E4D3C16A-3F0C-4295-99E9-0CA7974C88EC}.Release|Any CPU.ActiveCfg = Release|Any CPU
		{E4D3C16A-3F0C-4295-99E9-0CA7974C88EC}.Release|Any CPU.Build.0 = Release|Any CPU
	EndGlobalSection
	GlobalSection(SolutionProperties) = preSolution
		HideSolutionNode = FALSE
	EndGlobalSection
EndGlobal
